
Microsoft Visual Studio Solution File, Format Version 12.00
# Visual Studio 2012
Project("{FAE04EC0-301F-11D3-BF4B-00C04F79EFBC}") = "1.Odd-Or-Even-Integers", "1.Odd-Or-Even-Integers\1.Odd-Or-Even-Integers.csproj", "{1BCCE059-ED8F-4B17-A7A8-9B51EC1D55B0}"
EndProject
Project("{FAE04EC0-301F-11D3-BF4B-00C04F79EFBC}") = "2.GravitationOnTheMoon", "2.GravitationOnTheMoon\2.GravitationOnTheMoon.csproj", "{100FB6BD-E3BD-4CEA-9DE3-A32D86B5DFEB}"
EndProject
Project("{FAE04EC0-301F-11D3-BF4B-00C04F79EFBC}") = "3.Divide-by-7-and-5", "3.Divide-by-7-and-5\3.Divide-by-7-and-5.csproj", "{A019308C-9BF3-47D2-AB12-D99926AA4EE6}"
EndProject
Project("{FAE04EC0-301F-11D3-BF4B-00C04F79EFBC}") = "4.Rectangles", "4.Rectangles\4.Rectangles.csproj", "{E5258CA4-BD71-46FE-95A4-88D446D1CFA3}"
EndProject
Project("{FAE04EC0-301F-11D3-BF4B-00C04F79EFBC}") = "5.Third-Digit-Is-7", "5.Third-Digit-Is-7\5.Third-Digit-Is-7.csproj", "{8006D284-8AFE-4BE7-BC02-6C48FA9C43F5}"
EndProject
Project("{FAE04EC0-301F-11D3-BF4B-00C04F79EFBC}") = "6.Four-Digit-Number", "6.Four-Digit-Number\6.Four-Digit-Number.csproj", "{7986F037-7CC8-4DBE-8ACC-657D82B9D85B}"
EndProject
Project("{FAE04EC0-301F-11D3-BF4B-00C04F79EFBC}") = "7.Point-in-a-Circle", "7.Point-in-a-Circle\7.Point-in-a-Circle.csproj", "{D6248EF2-22C5-48F9-A788-6AC93DCDFC68}"
EndProject
Project("{FAE04EC0-301F-11D3-BF4B-00C04F79EFBC}") = "8.Prime-Number-Check", "8.Prime-Number-Check\8.Prime-Number-Check.csproj", "{CA38995C-7215-402F-9AD0-5B006B6B360A}"
EndProject
Project("{FAE04EC0-301F-11D3-BF4B-00C04F79EFBC}") = "9.Trapezoids", "9.Trapezoids\9.Trapezoids.csproj", "{02F8F0DF-9822-46ED-B918-31D1EED4AD58}"
EndProject
Project("{FAE04EC0-301F-11D3-BF4B-00C04F79EFBC}") = "10.Point-Inside-a-Circle-and-Outside-of-a-Rectangle", "10.Point-Inside-a-Circle-and-Outside-of-a-Rectangle\10.Point-Inside-a-Circle-and-Outside-of-a-Rectangle.csproj", "{C79020AE-9BE3-4417-A22D-10EB76562FB6}"
EndProject
Project("{FAE04EC0-301F-11D3-BF4B-00C04F79EFBC}") = "11.Extract-Bit-3", "11.Extract-Bit-3\11.Extract-Bit-3.csproj", "{9D8CDCD8-609B-4C96-8081-65F6B2685D99}"
EndProject
Project("{FAE04EC0-301F-11D3-BF4B-00C04F79EFBC}") = "12.Extract-Bit-from-Integer", "12.Extract-Bit-from-Integer\12.Extract-Bit-from-Integer.csproj", "{FE33D0E4-F7C8-4A83-BDEC-F0B3AB28C9FD}"
EndProject
Project("{FAE04EC0-301F-11D3-BF4B-00C04F79EFBC}") = "13.Check-a-Bit-at-Given-Position", "13.Check-a-Bit-at-Given-Position\13.Check-a-Bit-at-Given-Position.csproj", "{1043470A-A7C4-4D92-AC4A-C075141101B0}"
EndProject
Project("{FAE04EC0-301F-11D3-BF4B-00C04F79EFBC}") = "14.Modify-a-Bit-at-Given-Position", "14.Modify-a-Bit-at-Given-Position\14.Modify-a-Bit-at-Given-Position.csproj", "{4A453942-5338-4833-8443-C828FE2F8D27}"
EndProject
Project("{FAE04EC0-301F-11D3-BF4B-00C04F79EFBC}") = "15.Bits-Exchange", "15.Bits-Exchange\15.Bits-Exchange.csproj", "{396AB8D5-E5FD-4D66-99D5-2C87077FE578}"
EndProject
Global
	GlobalSection(SolutionConfigurationPlatforms) = preSolution
		Debug|Any CPU = Debug|Any CPU
		Release|Any CPU = Release|Any CPU
	EndGlobalSection
	GlobalSection(ProjectConfigurationPlatforms) = postSolution
		{1BCCE059-ED8F-4B17-A7A8-9B51EC1D55B0}.Debug|Any CPU.ActiveCfg = Debug|Any CPU
		{1BCCE059-ED8F-4B17-A7A8-9B51EC1D55B0}.Debug|Any CPU.Build.0 = Debug|Any CPU
		{1BCCE059-ED8F-4B17-A7A8-9B51EC1D55B0}.Release|Any CPU.ActiveCfg = Release|Any CPU
		{1BCCE059-ED8F-4B17-A7A8-9B51EC1D55B0}.Release|Any CPU.Build.0 = Release|Any CPU
		{100FB6BD-E3BD-4CEA-9DE3-A32D86B5DFEB}.Debug|Any CPU.ActiveCfg = Debug|Any CPU
		{100FB6BD-E3BD-4CEA-9DE3-A32D86B5DFEB}.Debug|Any CPU.Build.0 = Debug|Any CPU
		{100FB6BD-E3BD-4CEA-9DE3-A32D86B5DFEB}.Release|Any CPU.ActiveCfg = Release|Any CPU
		{100FB6BD-E3BD-4CEA-9DE3-A32D86B5DFEB}.Release|Any CPU.Build.0 = Release|Any CPU
		{A019308C-9BF3-47D2-AB12-D99926AA4EE6}.Debug|Any CPU.ActiveCfg = Debug|Any CPU
		{A019308C-9BF3-47D2-AB12-D99926AA4EE6}.Debug|Any CPU.Build.0 = Debug|Any CPU
		{A019308C-9BF3-47D2-AB12-D99926AA4EE6}.Release|Any CPU.ActiveCfg = Release|Any CPU
		{A019308C-9BF3-47D2-AB12-D99926AA4EE6}.Release|Any CPU.Build.0 = Release|Any CPU
		{E5258CA4-BD71-46FE-95A4-88D446D1CFA3}.Debug|Any CPU.ActiveCfg = Debug|Any CPU
		{E5258CA4-BD71-46FE-95A4-88D446D1CFA3}.Debug|Any CPU.Build.0 = Debug|Any CPU
		{E5258CA4-BD71-46FE-95A4-88D446D1CFA3}.Release|Any CPU.ActiveCfg = Release|Any CPU
		{E5258CA4-BD71-46FE-95A4-88D446D1CFA3}.Release|Any CPU.Build.0 = Release|Any CPU
		{8006D284-8AFE-4BE7-BC02-6C48FA9C43F5}.Debug|Any CPU.ActiveCfg = Debug|Any CPU
		{8006D284-8AFE-4BE7-BC02-6C48FA9C43F5}.Debug|Any CPU.Build.0 = Debug|Any CPU
		{8006D284-8AFE-4BE7-BC02-6C48FA9C43F5}.Release|Any CPU.ActiveCfg = Release|Any CPU
		{8006D284-8AFE-4BE7-BC02-6C48FA9C43F5}.Release|Any CPU.Build.0 = Release|Any CPU
		{7986F037-7CC8-4DBE-8ACC-657D82B9D85B}.Debug|Any CPU.ActiveCfg = Debug|Any CPU
		{7986F037-7CC8-4DBE-8ACC-657D82B9D85B}.Debug|Any CPU.Build.0 = Debug|Any CPU
		{7986F037-7CC8-4DBE-8ACC-657D82B9D85B}.Release|Any CPU.ActiveCfg = Release|Any CPU
		{7986F037-7CC8-4DBE-8ACC-657D82B9D85B}.Release|Any CPU.Build.0 = Release|Any CPU
		{D6248EF2-22C5-48F9-A788-6AC93DCDFC68}.Debug|Any CPU.ActiveCfg = Debug|Any CPU
		{D6248EF2-22C5-48F9-A788-6AC93DCDFC68}.Debug|Any CPU.Build.0 = Debug|Any CPU
		{D6248EF2-22C5-48F9-A788-6AC93DCDFC68}.Release|Any CPU.ActiveCfg = Release|Any CPU
		{D6248EF2-22C5-48F9-A788-6AC93DCDFC68}.Release|Any CPU.Build.0 = Release|Any CPU
		{CA38995C-7215-402F-9AD0-5B006B6B360A}.Debug|Any CPU.ActiveCfg = Debug|Any CPU
		{CA38995C-7215-402F-9AD0-5B006B6B360A}.Debug|Any CPU.Build.0 = Debug|Any CPU
		{CA38995C-7215-402F-9AD0-5B006B6B360A}.Release|Any CPU.ActiveCfg = Release|Any CPU
		{CA38995C-7215-402F-9AD0-5B006B6B360A}.Release|Any CPU.Build.0 = Release|Any CPU
		{02F8F0DF-9822-46ED-B918-31D1EED4AD58}.Debug|Any CPU.ActiveCfg = Debug|Any CPU
		{02F8F0DF-9822-46ED-B918-31D1EED4AD58}.Debug|Any CPU.Build.0 = Debug|Any CPU
		{02F8F0DF-9822-46ED-B918-31D1EED4AD58}.Release|Any CPU.ActiveCfg = Release|Any CPU
		{02F8F0DF-9822-46ED-B918-31D1EED4AD58}.Release|Any CPU.Build.0 = Release|Any CPU
		{C79020AE-9BE3-4417-A22D-10EB76562FB6}.Debug|Any CPU.ActiveCfg = Debug|Any CPU
		{C79020AE-9BE3-4417-A22D-10EB76562FB6}.Debug|Any CPU.Build.0 = Debug|Any CPU
		{C79020AE-9BE3-4417-A22D-10EB76562FB6}.Release|Any CPU.ActiveCfg = Release|Any CPU
		{C79020AE-9BE3-4417-A22D-10EB76562FB6}.Release|Any CPU.Build.0 = Release|Any CPU
		{9D8CDCD8-609B-4C96-8081-65F6B2685D99}.Debug|Any CPU.ActiveCfg = Debug|Any CPU
		{9D8CDCD8-609B-4C96-8081-65F6B2685D99}.Debug|Any CPU.Build.0 = Debug|Any CPU
		{9D8CDCD8-609B-4C96-8081-65F6B2685D99}.Release|Any CPU.ActiveCfg = Release|Any CPU
		{9D8CDCD8-609B-4C96-8081-65F6B2685D99}.Release|Any CPU.Build.0 = Release|Any CPU
		{FE33D0E4-F7C8-4A83-BDEC-F0B3AB28C9FD}.Debug|Any CPU.ActiveCfg = Debug|Any CPU
		{FE33D0E4-F7C8-4A83-BDEC-F0B3AB28C9FD}.Debug|Any CPU.Build.0 = Debug|Any CPU
		{FE33D0E4-F7C8-4A83-BDEC-F0B3AB28C9FD}.Release|Any CPU.ActiveCfg = Release|Any CPU
		{FE33D0E4-F7C8-4A83-BDEC-F0B3AB28C9FD}.Release|Any CPU.Build.0 = Release|Any CPU
		{1043470A-A7C4-4D92-AC4A-C075141101B0}.Debug|Any CPU.ActiveCfg = Debug|Any CPU
		{1043470A-A7C4-4D92-AC4A-C075141101B0}.Debug|Any CPU.Build.0 = Debug|Any CPU
		{1043470A-A7C4-4D92-AC4A-C075141101B0}.Release|Any CPU.ActiveCfg = Release|Any CPU
		{1043470A-A7C4-4D92-AC4A-C075141101B0}.Release|Any CPU.Build.0 = Release|Any CPU
		{4A453942-5338-4833-8443-C828FE2F8D27}.Debug|Any CPU.ActiveCfg = Debug|Any CPU
		{4A453942-5338-4833-8443-C828FE2F8D27}.Debug|Any CPU.Build.0 = Debug|Any CPU
		{4A453942-5338-4833-8443-C828FE2F8D27}.Release|Any CPU.ActiveCfg = Release|Any CPU
		{4A453942-5338-4833-8443-C828FE2F8D27}.Release|Any CPU.Build.0 = Release|Any CPU
		{396AB8D5-E5FD-4D66-99D5-2C87077FE578}.Debug|Any CPU.ActiveCfg = Debug|Any CPU
		{396AB8D5-E5FD-4D66-99D5-2C87077FE578}.Debug|Any CPU.Build.0 = Debug|Any CPU
		{396AB8D5-E5FD-4D66-99D5-2C87077FE578}.Release|Any CPU.ActiveCfg = Release|Any CPU
		{396AB8D5-E5FD-4D66-99D5-2C87077FE578}.Release|Any CPU.Build.0 = Release|Any CPU
	EndGlobalSection
	GlobalSection(SolutionProperties) = preSolution
		HideSolutionNode = FALSE
	EndGlobalSection
EndGlobal
